
Microsoft Visual Studio Solution File, Format Version 12.00
Project("{FAE04EC0-301F-11D3-BF4B-00C04F79EFBC}") = "GibddParser", "GibddParser\GibddParser.csproj", "{7C878CF4-C2BC-4408-9E91-367C5EAD4B23}"
EndProject
Global
	GlobalSection(SolutionConfigurationPlatforms) = preSolution
		Debug|Any CPU = Debug|Any CPU
		Release|Any CPU = Release|Any CPU
	EndGlobalSection
	GlobalSection(ProjectConfigurationPlatforms) = postSolution
		{7C878CF4-C2BC-4408-9E91-367C5EAD4B23}.Debug|Any CPU.ActiveCfg = Debug|Any CPU
		{7C878CF4-C2BC-4408-9E91-367C5EAD4B23}.Debug|Any CPU.Build.0 = Debug|Any CPU
		{7C878CF4-C2BC-4408-9E91-367C5EAD4B23}.Release|Any CPU.ActiveCfg = Release|Any CPU
		{7C878CF4-C2BC-4408-9E91-367C5EAD4B23}.Release|Any CPU.Build.0 = Release|Any CPU
	EndGlobalSection
EndGlobal
